<?xml version="1.0" encoding="utf-8"?>
<Project ToolsVersion="4.0" xmlns="http://schemas.microsoft.com/developer/msbuild/2003">
  <ItemGroup>
    <Filter Include="src">
      <UniqueIdentifier>{ed5450d8-2f49-40c8-b78d-3420979baeb5}</UniqueIdentifier>
    </Filter>
    <Filter Include="render">
      <UniqueIdentifier>{7d542fff-654c-487e-85c9-13559ee8ed9b}</UniqueIdentifier>
    </Filter>
    <Filter Include="res">
      <UniqueIdentifier>{168b6a15-6d5c-4c97-8373-371ecb5a7a89}</UniqueIdentifier>
    </Filter>
    <Filter Include="res\shaders">
      <UniqueIdentifier>{8a1a30f7-6bc2-4074-a035-e998bf2d439d}</UniqueIdentifier>
    </Filter>
  </ItemGroup>
  <ItemGroup>
    <ClCompile Include="..\src\vulkan_craft.cpp">
      <Filter>src</Filter>
    </ClCompile>
    <ClCompile Include="..\src\graphics_pipeline.cpp">
      <Filter>render</Filter>
    </ClCompile>
    <ClCompile Include="..\src\render_pass.cpp">
      <Filter>render</Filter>
    </ClCompile>
    <ClCompile Include="..\src\renderer.cpp">
      <Filter>render</Filter>
    </ClCompile>
    <ClCompile Include="..\src\shader_cache.cpp">
      <Filter>render</Filter>
    </ClCompile>
    <ClCompile Include="..\src\vertex_buffer.cpp">
      <Filter>render</Filter>
    </ClCompile>
    <ClCompile Include="..\src\vulkan_device.cpp">
      <Filter>render</Filter>
    </ClCompile>
    <ClCompile Include="..\src\vulkan_swapchain.cpp">
      <Filter>render</Filter>
    </ClCompile>
    <ClCompile Include="..\src\vulkan_buffer.cpp">
      <Filter>render</Filter>
    </ClCompile>
    <ClCompile Include="..\src\texture_cache.cpp">
      <Filter>render</Filter>
    </ClCompile>
    <ClCompile Include="..\src\vulkan_image.cpp">
      <Filter>render</Filter>
    </ClCompile>
    <ClCompile Include="..\src\depth_buffer.cpp">
      <Filter>render</Filter>
    </ClCompile>
    <ClCompile Include="..\src\geometry.cpp">
      <Filter>src</Filter>
    </ClCompile>
    <ClCompile Include="..\src\culling.cpp">
      <Filter>src</Filter>
    </ClCompile>
  </ItemGroup>
  <ItemGroup>
    <ClInclude Include="..\src\file.h">
      <Filter>src</Filter>
    </ClInclude>
    <ClInclude Include="..\src\graphics_pipeline.h">
      <Filter>render</Filter>
    </ClInclude>
    <ClInclude Include="..\src\renderer.h">
      <Filter>render</Filter>
    </ClInclude>
    <ClInclude Include="..\src\render_pass.h">
      <Filter>render</Filter>
    </ClInclude>
    <ClInclude Include="..\src\shader_cache.h">
      <Filter>render</Filter>
    </ClInclude>
    <ClInclude Include="..\src\vertex_buffer.h">
      <Filter>render</Filter>
    </ClInclude>
    <ClInclude Include="..\src\vulkan.h">
      <Filter>render</Filter>
    </ClInclude>
    <ClInclude Include="..\src\vulkan_device.h">
      <Filter>render</Filter>
    </ClInclude>
    <ClInclude Include="..\src\vulkan_swapchain.h">
      <Filter>render</Filter>
    </ClInclude>
    <ClInclude Include="..\src\geometry.h">
      <Filter>src</Filter>
    </ClInclude>
    <ClInclude Include="..\src\vulkan_buffer.h">
      <Filter>render</Filter>
    </ClInclude>
    <ClInclude Include="..\src\texture_cache.h">
      <Filter>render</Filter>
    </ClInclude>
    <ClInclude Include="..\src\vulkan_image.h">
      <Filter>render</Filter>
    </ClInclude>
    <ClInclude Include="..\src\depth_buffer.h">
      <Filter>render</Filter>
    </ClInclude>
    <ClInclude Include="..\src\camera.h">
      <Filter>src</Filter>
    </ClInclude>
    <ClInclude Include="..\src\culling.h">
      <Filter>src</Filter>
    </ClInclude>
  </ItemGroup>
  <ItemGroup>
    <CustomBuild Include="..\res\shaders\triangle.vert">
      <Filter>res\shaders</Filter>
    </CustomBuild>
    <CustomBuild Include="..\res\shaders\triangle.frag">
      <Filter>res\shaders</Filter>
    </CustomBuild>
  </ItemGroup>
</Project>